github.com/StackExchange/wmi v0.0.0-20180116203802-5d049714c4a6 h1:fLjPD/aNc3UIOA6tDi6QXUemppXK3P9BI7mr2hd6gx8=
github.com/StackExchange/wmi v0.0.0-20180116203802-5d049714c4a6/go.mod h1:3eOhrUMpNV+6aFIbp5/iudMxNCF27Vw2OZgy4xEx0Fg=
github.com/cloudradar-monitoring/dmidecode v0.0.0-20190211163023-395107264116 h1:e42LZ+/rKEopcaCHhjbUUE/8iCmCdy6eesPxEajOO7I=
github.com/cloudradar-monitoring/dmidecode v0.0.0-20190211163023-395107264116/go.mod h1:G3ssOoNnv6CBz3K/VvmCqG6eiEo15zR+2407ZtoHtFw=
github.com/cloudradar-monitoring/selfupdate v0.0.0-20200615195818-3bc6d247a637 h1:RJiepFT4AMVaWUe8UAa0R1HgJlnMmdQ871yXpGVTMXc=
github.com/cloudradar-monitoring/selfupdate v0.0.0-20200615195818-3bc6d247a637/go.mod h1:0uKPaZjO2Xoh/uY6SKlPsSnw4uLFXIlOnjqJBnE00CA=
github.com/cloudradar-monitoring/service v1.0.1-0.20190622144052-5da1f538b7fe h1:k7nmTLUC20OM/MDw4OXj83x2RTDYl/LYlwhhLIJC1xE=
github.com/cloudradar-monitoring/service v1.0.1-0.20190622144052-5da1f538b7fe/go.mod h1:8CzDhVuCuugtsHyZoTvsOBuvonN/UDBvl0kH+BUxvbo=
github.com/davecgh/go-spew v1.1.1 h1:vj9j/u1bqnvCEfJOwUhtlOARqs3+rkHYY13jYWTU97c=
github.com/davecgh/go-spew v1.1.1/go.mod h1:J7Y8YcW2NihsgmVo/mv3lAwl/skON4iLHjSsI+c5H38=
github.com/gentlemanautomaton/windevice v0.0.0-20190308095644-de21ffdab1a3 h1:MfxNJbC3UTWv3r5fApHtkGSiVm9j0U5bMKUF18S6MqU=
github.com/gentlemanautomaton/windevice v0.0.0-20190308095644-de21ffdab1a3/go.mod h1:xFm0Buke3UF98Elix6YWGhYCafMJlqu5ZXAlwFGzZq8=
github.com/gentlemanautomaton/winguid v0.0.0-20190307223039-3f364f74ee74 h1:KBOUk7aWPrrx9pu4UntVtVJXWwLE1Z5w/vqOFLrsvhQ=
github.com/gentlemanautomaton/winguid v0.0.0-20190307223039-3f364f74ee74/go.mod h1:w5CgCbxt8D1rCLKpdgBQLXc+19nItCmTwA8r+pDvlro=
github.com/ghodss/yaml v1.0.0 h1:wQHKEahhL6wmXdzwWG11gIVCkOv05bNOh+Rxn0yngAk=
github.com/ghodss/yaml v1.0.0/go.mod h1:4dBDuWmgqj2HViK6kFavaiC9ZROes6MMH2rRYeMEF04=
github.com/go-ole/go-ole v1.2.2 h1:QNWhweRd9D5Py2rRVboZ2L4SEoW/dyraWJCc8bgS8kE=
github.com/go-ole/go-ole v1.2.2/go.mod h1:pnvuG7BrDMZ8ifMurTQmxwhQM/odqm9sSqNe5BUI7v4=
github.com/go-sql-driver/mysql v1.5.0 h1:ozyZYNQW3x3HtqT1jira07DN2PArx2v7/mN66gGcHOs=
github.com/go-sql-driver/mysql v1.5.0/go.mod h1:DCzpHaOWr8IXmIStZouvnhqoel9Qv2LBy8hT2VhHyBg=
github.com/hashicorp/go-version v1.2.0 h1:3vNe/fWF5CBgRIguda1meWhsZHy3m8gCJ5wx+dIzX/E=
github.com/hashicorp/go-version v1.2.0/go.mod h1:fltr4n8CU8Ke44wwGCBoEymUuxUHl09ZGVZPK5anwXA=
github.com/jaypipes/ghw v0.0.0-20190131082148-032dfb1f8cb2 h1:zP/4s3IXJOsKrFrvZoSP7FEaBBA4mQFkdzVW172DdYg=
github.com/jaypipes/ghw v0.0.0-20190131082148-032dfb1f8cb2/go.mod h1:d4vBgnp8ae8OOU5uJLwjor0uu3TJwAOk1Jt5DNPlnQ4=
github.com/jaypipes/pcidb v0.0.0-20181115143611-141a53e65d4a h1:uUGeGpP0oGmFn34GyYEcEy3GRMiAiIkj3qP15P6x8MA=
github.com/jaypipes/pcidb v0.0.0-20181115143611-141a53e65d4a/go.mod h1:kPBABoOV7RNkrLIqtAdYQeUeHhmWK+NQaYdBNOFB0Iw=
github.com/jessevdk/go-flags v1.4.0/go.mod h1:4FA24M0QyGHXBuZZK/XkWh8h0e1EYbRYJSGM75WSRxI=
github.com/konsorten/go-windows-terminal-sequences v1.0.1/go.mod h1:T0+1ngSBFLxvqU3pZ+m/2kptfBszLMUkC4ZK/EgS/cQ=
github.com/konsorten/go-windows-terminal-sequences v1.0.2 h1:DB17ag19krx9CFsz4o3enTrPXyIXCl+2iCXH/aMAp9s=
github.com/konsorten/go-windows-terminal-sequences v1.0.2/go.mod h1:T0+1ngSBFLxvqU3pZ+m/2kptfBszLMUkC4ZK/EgS/cQ=
github.com/kr/pretty v0.1.0 h1:L/CwN0zerZDmRFUapSPitk6f+Q3+0za1rQkzVuMiMFI=
github.com/kr/pretty v0.1.0/go.mod h1:dAy3ld7l9f0ibDNOQOHHMYYIIbhfbHSm3C4ZsoJORNo=
github.com/kr/pty v1.1.1/go.mod h1:pFQYn66WHrOpPYNljwOMqo10TkYh1fy3cYio2l3bCsQ=
github.com/kr/text v0.1.0 h1:45sCR5RtlFHMR4UwH9sdQ5TC8v0qDQCHnXt+kaKSTVE=
github.com/kr/text v0.1.0/go.mod h1:4Jbv+DJW3UT/LiOwJeYQe1efqtUx/iVham/4vfdArNI=
github.com/lxn/walk v0.0.0-20190515104301-6cf0bf1359a5 h1:51pEh8Uk7stl19omqzMOGWBavA8w1Cs2Bf15yMEENKo=
github.com/lxn/walk v0.0.0-20190515104301-6cf0bf1359a5/go.mod h1:E23UucZGqpuUANJooIbHWCufXvOcT6E7Stq81gU+CSQ=
github.com/lxn/win v0.0.0-20190514122436-6f00d814e89c h1:RmJqAqztNMamrAAP8zti9PbuD4D897Wa//LHSAh9Vow=
github.com/lxn/win v0.0.0-20190514122436-6f00d814e89c/go.mod h1:oO6+4g3P1GcPAG7LPffwn8Ye0cxW0goh0sUZ6+lRFPs=
github.com/mitchellh/go-homedir v1.1.0 h1:lukF9ziXFxDFPkA1vsr5zpc1XuPDn/wFntq5mG+4E0Y=
github.com/mitchellh/go-homedir v1.1.0/go.mod h1:SfyaCUpYCn1Vlf4IUYiD9fPX4A5wJrkLzIz1N1q0pr0=
github.com/nightlyone/lockfile v1.0.0 h1:RHep2cFKK4PonZJDdEl4GmkabuhbsRMgk/k3uAmxBiA=
github.com/nightlyone/lockfile v1.0.0/go.mod h1:rywoIealpdNse2r832aiD9jRk8ErCatROs6LzC841CI=
github.com/nu7hatch/gouuid v0.0.0-20131221200532-179d4d0c4d8d h1:VhgPp6v9qf9Agr/56bj7Y/xa04UccTW04VP0Qed4vnQ=
github.com/nu7hatch/gouuid v0.0.0-20131221200532-179d4d0c4d8d/go.mod h1:YUTz3bUH2ZwIWBy3CJBeOBEugqcmXREj14T+iG/4k4U=
github.com/pkg/errors v0.9.1 h1:FEBLx1zS214owpjy7qsBeixbURkuhQAwrK5UwLGTwt4=
github.com/pkg/errors v0.9.1/go.mod h1:bwawxfHBFNV+L2hUp1rHADufV3IMtnDRdf1r5NINEl0=
github.com/pmezard/go-difflib v1.0.0 h1:4DBwDE0NGyQoBHbLQYPwSUPoCMWR5BEzIk/f1lZbAQM=
github.com/pmezard/go-difflib v1.0.0/go.mod h1:iKH77koFhYxTK1pcRnkKkqfTogsbg7gZNVY4sRDYZ/4=
github.com/shirou/gopsutil v2.18.13-0.20190131151121-071446942108+incompatible h1:yPgjXkEli4Ipr1ZyscglUuMqjDP8Z5eQ8LOS/HvHfI8=
github.com/shirou/gopsutil v2.18.13-0.20190131151121-071446942108+incompatible/go.mod h1:5b4v6he4MtMOwMlS0TUMTu2PcXUg8+E1lC7eC3UO/RA=
github.com/shirou/w32 v0.0.0-20160930032740-bb4de0191aa4 h1:udFKJ0aHUL60LboW/A+DfgoHVedieIzIXE8uylPue0U=
github.com/shirou/w32 v0.0.0-20160930032740-bb4de0191aa4/go.mod h1:qsXQc7+bwAM3Q1u/4XEfrquwF8Lw7D7y5cD8CuHnfIc=
github.com/sirupsen/logrus v1.5.0 h1:1N5EYkVAPEywqZRJd7cwnRtCb6xJx7NH3T3WUTF980Q=
github.com/sirupsen/logrus v1.5.0/go.mod h1:+F7Ogzej0PZc/94MaYx/nvG9jOFMD2osvC3s+Squfpo=
github.com/stretchr/testify v1.2.2 h1:bSDNvY7ZPG5RlJ8otE/7V6gMiyenm9RtJ7IUVIAoJ1w=
github.com/stretchr/testify v1.2.2/go.mod h1:a8OnRcib4nhh0OaRAV+Yts87kKdq0PP7pXfy6kDkUVs=
github.com/troian/toml v0.4.2 h1:xe3xqIncWa6L9VusiOJN+Dqh1wOb3OAqyllTfcpLx1w=
github.com/troian/toml v0.4.2/go.mod h1:3t15/8H94Qxek/OrL7162IvNL1Kb1XReRx+x3INtYdw=
github.com/vcraescu/go-xrandr v0.0.0-20190102070802-135ba5f1bc04 h1:Dwio1JYvY844tLsXBqbxRSjHUxCLqoXOBhxcdIn4BoE=
github.com/vcraescu/go-xrandr v0.0.0-20190102070802-135ba5f1bc04/go.mod h1:LVPmVEv6GKVAswrHXu0Fuhsg7YZwcKQS78uqLLdvHEA=
golang.org/x/sys v0.0.0-20190204203706-41f3e6584952/go.mod h1:STP8DvDyc/dI5b8T5hshtkjS+E42TnysNCUPdjciGhY=
golang.org/x/sys v0.0.0-20190422165155-953cdadca894/go.mod h1:h1NjWce9XRLGQEsW7wpKNCjG9DtNlClVuFLEZdDNbEs=
golang.org/x/sys v0.0.0-20191024073052-e66fe6eb8e0c h1:usSYQsGq37L8RjJc5eznJ/AbwBxn3QFFEVkWNPAejLs=
golang.org/x/sys v0.0.0-20191024073052-e66fe6eb8e0c/go.mod h1:h1NjWce9XRLGQEsW7wpKNCjG9DtNlClVuFLEZdDNbEs=
gopkg.in/Knetic/govaluate.v3 v3.0.0 h1:18mUyIt4ZlRlFZAAfVetz4/rzlJs9yhN+U02F4u1AOc=
gopkg.in/Knetic/govaluate.v3 v3.0.0/go.mod h1:csKLBORsPbafmSCGTEh3U7Ozmsuq8ZSIlKk1bcqph0E=
gopkg.in/check.v1 v0.0.0-20161208181325-20d25e280405/go.mod h1:Co6ibVJAznAaIkqp8huTwlJQCZ016jof/cbN4VW5Yz0=
gopkg.in/check.v1 v1.0.0-20180628173108-788fd7840127 h1:qIbj1fsPNlZgppZ+VLlY7N33q108Sa+fhmuc+sWQYwY=
gopkg.in/check.v1 v1.0.0-20180628173108-788fd7840127/go.mod h1:Co6ibVJAznAaIkqp8huTwlJQCZ016jof/cbN4VW5Yz0=
gopkg.in/toast.v1 v1.0.0-20180812000517-0a84660828b2 h1:MZF6J7CV6s/h0HBkfqebrYfKCVEo5iN+wzE4QhV3Evo=
gopkg.in/toast.v1 v1.0.0-20180812000517-0a84660828b2/go.mod h1:s1Sn2yZos05Qfs7NKt867Xe18emOmtsO3eAKbDaon0o=
gopkg.in/yaml.v2 v2.2.1/go.mod h1:hI93XBmqTisBFMUTm0b8Fm+jr3Dg1NNxqwp+5A1VGuI=
gopkg.in/yaml.v2 v2.2.2 h1:ZCJp+EgiOT7lHqUV2J862kp8Qj64Jo6az82+3Td9dZw=
gopkg.in/yaml.v2 v2.2.2/go.mod h1:hI93XBmqTisBFMUTm0b8Fm+jr3Dg1NNxqwp+5A1VGuI=
howett.net/plist v0.0.0-20181124034731-591f970eefbb h1:jhnBjNi9UFpfpl8YZhA9CrOqpnJdvzuiHsl/dnxl11M=
howett.net/plist v0.0.0-20181124034731-591f970eefbb/go.mod h1:vMygbs4qMhSZSc4lCUl2OEE+rDiIIJAIdR4m7MiMcm0=
