# This file is autogenerated, do not edit; changes may be undone by the next 'dep ensure'.


[[projects]]
  name = "github.com/StackExchange/wmi"
  packages = ["."]
  revision = "5d049714c4a64225c3c79a7cf7d02f7fb5b96338"
  version = "1.0.0"

[[projects]]
  name = "github.com/cloudradar-monitoring/dmidecode"
  packages = ["."]
  revision = "395107264116edf108cb35b42e1584412d37bf54"
  version = "0.0.4"

[[projects]]
  name = "github.com/davecgh/go-spew"
  packages = ["spew"]
  revision = "8991bc29aa16c548c550c7ff78260e27b9ab7c73"
  version = "v1.1.1"

[[projects]]
  name = "github.com/gentlemanautomaton/windevice"
  packages = [
    ".",
    "deviceclass",
    "devicecreation",
    "deviceid",
    "deviceproperty",
    "deviceregistry",
    "diflag",
    "diflagex",
    "difunc",
    "difuncremove",
    "drivertype",
    "driverversion",
    "hwprofile",
    "infpath",
    "installflag",
    "installstate",
    "newdevapi",
    "setupapi"
  ]
  revision = "de21ffdab1a3b60205fe0782a9df61feb34367f1"

[[projects]]
  branch = "master"
  name = "github.com/gentlemanautomaton/winguid"
  packages = ["."]
  revision = "3f364f74ee74ad2a7e7afc3cf5fdd771086edbb5"

[[projects]]
  name = "github.com/ghodss/yaml"
  packages = ["."]
  revision = "0ca9ea5df5451ffdf184b4428c902747c2c11cd7"
  version = "v1.0.0"

[[projects]]
  name = "github.com/go-ole/go-ole"
  packages = [
    ".",
    "oleutil"
  ]
  revision = "39dc8486bd0952279431257138bc428275b86797"
  version = "v1.2.2"

[[projects]]
  name = "github.com/jaypipes/ghw"
  packages = ["."]
  revision = "032dfb1f8cb2b9b5c0e894855833e23ff1fe24a9"
  version = "0.3"

[[projects]]
  name = "github.com/jaypipes/pcidb"
  packages = ["."]
  revision = "141a53e65d4ad43fdbd2760c714344da88f24adb"
  version = "0.3"

[[projects]]
  branch = "master"
  name = "github.com/kardianos/osext"
  packages = ["."]
  revision = "ae77be60afb1dcacde03767a8c37337fad28ac14"

[[projects]]
  branch = "master"
  name = "github.com/kardianos/service"
  packages = ["."]
  revision = "8f267d80f2eb68998661a325c0e53fca4485e626"

[[projects]]
  branch = "master"
  name = "github.com/lxn/walk"
  packages = [
    ".",
    "declarative"
  ]
  revision = "6d09625fb5d5f545a76a726c7eb85a1303806c85"

[[projects]]
  branch = "master"
  name = "github.com/lxn/win"
  packages = ["."]
  revision = "a7f87360b10eafe73bd3ff01db16976fe7560fbf"

[[projects]]
  name = "github.com/mitchellh/go-homedir"
  packages = ["."]
  revision = "af06845cf3004701891bf4fdb884bfe4920b3727"
  version = "v1.1.0"

[[projects]]
  branch = "master"
  name = "github.com/nu7hatch/gouuid"
  packages = ["."]
  revision = "179d4d0c4d8d407a32af483c2354df1d2c91e6c3"

[[projects]]
  name = "github.com/pkg/errors"
  packages = ["."]
  revision = "645ef00459ed84a119197bfb8d8205042c6df63d"
  version = "v0.8.0"

[[projects]]
  name = "github.com/pmezard/go-difflib"
  packages = ["difflib"]
  revision = "792786c7400a136282c1664665ae0a8db921c6c2"
  version = "v1.0.0"

[[projects]]
  name = "github.com/shirou/gopsutil"
  packages = [
    "cpu",
    "disk",
    "host",
    "internal/common",
    "load",
    "mem",
    "net",
    "process"
  ]
  revision = "071446942108a03a13cf0717275ad3bdbcb691b4"
  version = "v2.19.01"

[[projects]]
  branch = "master"
  name = "github.com/shirou/w32"
  packages = ["."]
  revision = "bb4de0191aa41b5507caa14b0650cdbddcd9280b"

[[projects]]
  name = "github.com/sirupsen/logrus"
  packages = ["."]
  revision = "3e01752db0189b9157070a0e1668a620f9a85da2"
  version = "v1.0.6"

[[projects]]
  name = "github.com/stretchr/testify"
  packages = ["assert"]
  revision = "f35b8ab0b5a2cef36673838d662e249dd9c94686"
  version = "v1.2.2"

[[projects]]
  name = "github.com/troian/toml"
  packages = ["."]
  revision = "36f3abc2dfd96cec81d4a89819878f6ad9919910"
  version = "v0.4.2"

[[projects]]
  branch = "master"
  name = "github.com/vcraescu/go-xrandr"
  packages = ["."]
  revision = "135ba5f1bc04bf19feffaca04c0dcec85770ffd1"

[[projects]]
  branch = "master"
  name = "golang.org/x/crypto"
  packages = ["ssh/terminal"]
  revision = "614d502a4dac94afa3a6ce146bd1736da82514c6"

[[projects]]
  branch = "master"
  name = "golang.org/x/sys"
  packages = [
    "unix",
    "windows",
    "windows/registry",
    "windows/svc",
    "windows/svc/eventlog",
    "windows/svc/mgr"
  ]
  revision = "4910a1d54f876d7b22162a85f4d066d3ee649450"

[[projects]]
  name = "gopkg.in/Knetic/govaluate.v3"
  packages = ["."]
  revision = "d216395917cc49052c7c7094cf57f09657ca08a8"
  version = "v3.0.0"

[[projects]]
  branch = "v1"
  name = "gopkg.in/toast.v1"
  packages = ["."]
  revision = "0a84660828b24d25b35525c9a1f1f51267f8da91"

[[projects]]
  name = "gopkg.in/yaml.v2"
  packages = ["."]
  revision = "51d6538a90f86fe93ac480b35f37b2be17fef232"
  version = "v2.2.2"

[[projects]]
  name = "howett.net/plist"
  packages = ["."]
  revision = "591f970eefbbeb04d7b37f334a0c4c3256e32876"
  source = "github.com/DHowett/go-plist"

[solve-meta]
  analyzer-name = "dep"
  analyzer-version = 1
  inputs-digest = "3a1a408a61a1dd4428555854e379165742935a61087596b14856839817b0dedf"
  solver-name = "gps-cdcl"
  solver-version = 1
